
Microsoft Visual Studio Solution File, Format Version 12.00
# Visual Studio Version 17
VisualStudioVersion = 17.9.34607.119
MinimumVisualStudioVersion = 10.0.40219.1
Project("{FAE04EC0-301F-11D3-BF4B-00C04F79EFBC}") = "ManejoPresupuesto", "ManejoPresupuesto\ManejoPresupuesto.csproj", "{EFE0A590-E1A5-4B34-9AAB-D301506B24F5}"
EndProject
Global
	GlobalSection(SolutionConfigurationPlatforms) = preSolution
		Debug|Any CPU = Debug|Any CPU
		Release|Any CPU = Release|Any CPU
	EndGlobalSection
	GlobalSection(ProjectConfigurationPlatforms) = postSolution
		{EFE0A590-E1A5-4B34-9AAB-D301506B24F5}.Debug|Any CPU.ActiveCfg = Debug|Any CPU
		{EFE0A590-E1A5-4B34-9AAB-D301506B24F5}.Debug|Any CPU.Build.0 = Debug|Any CPU
		{EFE0A590-E1A5-4B34-9AAB-D301506B24F5}.Release|Any CPU.ActiveCfg = Release|Any CPU
		{EFE0A590-E1A5-4B34-9AAB-D301506B24F5}.Release|Any CPU.Build.0 = Release|Any CPU
	EndGlobalSection
	GlobalSection(SolutionProperties) = preSolution
		HideSolutionNode = FALSE
	EndGlobalSection
	GlobalSection(ExtensibilityGlobals) = postSolution
		SolutionGuid = {009321E1-E33B-4B76-BE12-C8FA5F13E79D}
	EndGlobalSection
EndGlobal
